
Microsoft Visual Studio Solution File, Format Version 12.00
# Visual Studio Version 17
VisualStudioVersion = 17.14.36025.13
MinimumVisualStudioVersion = 10.0.40219.1
Project("{FAE04EC0-301F-11D3-BF4B-00C04F79EFBC}") = "Tp9 - Etapa 0", "Tp9 - Etapa 0.csproj", "{798A1295-E9A2-4BB1-A871-98952ADC2D14}"
EndProject
Global
	GlobalSection(SolutionConfigurationPlatforms) = preSolution
		Debug|Any CPU = Debug|Any CPU
		Release|Any CPU = Release|Any CPU
	EndGlobalSection
	GlobalSection(ProjectConfigurationPlatforms) = postSolution
		{798A1295-E9A2-4BB1-A871-98952ADC2D14}.Debug|Any CPU.ActiveCfg = Debug|Any CPU
		{798A1295-E9A2-4BB1-A871-98952ADC2D14}.Debug|Any CPU.Build.0 = Debug|Any CPU
		{798A1295-E9A2-4BB1-A871-98952ADC2D14}.Release|Any CPU.ActiveCfg = Release|Any CPU
		{798A1295-E9A2-4BB1-A871-98952ADC2D14}.Release|Any CPU.Build.0 = Release|Any CPU
	EndGlobalSection
	GlobalSection(SolutionProperties) = preSolution
		HideSolutionNode = FALSE
	EndGlobalSection
	GlobalSection(ExtensibilityGlobals) = postSolution
		SolutionGuid = {2B70A03D-8A20-435D-9716-3E394E986401}
	EndGlobalSection
EndGlobal
