
Microsoft Visual Studio Solution File, Format Version 12.00
# Visual Studio Version 17
VisualStudioVersion = 17.14.36025.13
MinimumVisualStudioVersion = 10.0.40219.1
Project("{FAE04EC0-301F-11D3-BF4B-00C04F79EFBC}") = "Tp12 - Etapa 0", "Tp12 - Etapa 0.csproj", "{86670C0A-1238-45F8-B036-0FBE25981EFE}"
EndProject
Global
	GlobalSection(SolutionConfigurationPlatforms) = preSolution
		Debug|Any CPU = Debug|Any CPU
		Release|Any CPU = Release|Any CPU
	EndGlobalSection
	GlobalSection(ProjectConfigurationPlatforms) = postSolution
		{86670C0A-1238-45F8-B036-0FBE25981EFE}.Debug|Any CPU.ActiveCfg = Debug|Any CPU
		{86670C0A-1238-45F8-B036-0FBE25981EFE}.Debug|Any CPU.Build.0 = Debug|Any CPU
		{86670C0A-1238-45F8-B036-0FBE25981EFE}.Release|Any CPU.ActiveCfg = Release|Any CPU
		{86670C0A-1238-45F8-B036-0FBE25981EFE}.Release|Any CPU.Build.0 = Release|Any CPU
	EndGlobalSection
	GlobalSection(SolutionProperties) = preSolution
		HideSolutionNode = FALSE
	EndGlobalSection
	GlobalSection(ExtensibilityGlobals) = postSolution
		SolutionGuid = {3F39666F-D168-403F-8439-0FDEAA62132B}
	EndGlobalSection
EndGlobal
