
Microsoft Visual Studio Solution File, Format Version 12.00
# Visual Studio Version 17
VisualStudioVersion = 17.14.36025.13
MinimumVisualStudioVersion = 10.0.40219.1
Project("{FAE04EC0-301F-11D3-BF4B-00C04F79EFBC}") = "Tp13 - Etapa 0", "Tp13 - Etapa 0.csproj", "{36BCCACA-CCD6-40C2-A99B-ACFBC3C41FBD}"
EndProject
Global
	GlobalSection(SolutionConfigurationPlatforms) = preSolution
		Debug|Any CPU = Debug|Any CPU
		Release|Any CPU = Release|Any CPU
	EndGlobalSection
	GlobalSection(ProjectConfigurationPlatforms) = postSolution
		{36BCCACA-CCD6-40C2-A99B-ACFBC3C41FBD}.Debug|Any CPU.ActiveCfg = Debug|Any CPU
		{36BCCACA-CCD6-40C2-A99B-ACFBC3C41FBD}.Debug|Any CPU.Build.0 = Debug|Any CPU
		{36BCCACA-CCD6-40C2-A99B-ACFBC3C41FBD}.Release|Any CPU.ActiveCfg = Release|Any CPU
		{36BCCACA-CCD6-40C2-A99B-ACFBC3C41FBD}.Release|Any CPU.Build.0 = Release|Any CPU
	EndGlobalSection
	GlobalSection(SolutionProperties) = preSolution
		HideSolutionNode = FALSE
	EndGlobalSection
	GlobalSection(ExtensibilityGlobals) = postSolution
		SolutionGuid = {13D97202-D397-4C72-98CA-990165795C61}
	EndGlobalSection
EndGlobal
