
Microsoft Visual Studio Solution File, Format Version 12.00
# Visual Studio Version 17
VisualStudioVersion = 17.14.36025.13
MinimumVisualStudioVersion = 10.0.40219.1
Project("{FAE04EC0-301F-11D3-BF4B-00C04F79EFBC}") = "Tp7 - Etapa 0", "Tp7 - Etapa 0.csproj", "{6FD66264-2689-4414-8817-9E814A8F470B}"
EndProject
Global
	GlobalSection(SolutionConfigurationPlatforms) = preSolution
		Debug|Any CPU = Debug|Any CPU
		Release|Any CPU = Release|Any CPU
	EndGlobalSection
	GlobalSection(ProjectConfigurationPlatforms) = postSolution
		{6FD66264-2689-4414-8817-9E814A8F470B}.Debug|Any CPU.ActiveCfg = Debug|Any CPU
		{6FD66264-2689-4414-8817-9E814A8F470B}.Debug|Any CPU.Build.0 = Debug|Any CPU
		{6FD66264-2689-4414-8817-9E814A8F470B}.Release|Any CPU.ActiveCfg = Release|Any CPU
		{6FD66264-2689-4414-8817-9E814A8F470B}.Release|Any CPU.Build.0 = Release|Any CPU
	EndGlobalSection
	GlobalSection(SolutionProperties) = preSolution
		HideSolutionNode = FALSE
	EndGlobalSection
	GlobalSection(ExtensibilityGlobals) = postSolution
		SolutionGuid = {93E3708C-A78E-4B6A-9188-DFF86D675A57}
	EndGlobalSection
EndGlobal
