
Microsoft Visual Studio Solution File, Format Version 12.00
# Visual Studio Version 17
VisualStudioVersion = 17.13.35931.197 d17.13
MinimumVisualStudioVersion = 10.0.40219.1
Project("{FAE04EC0-301F-11D3-BF4B-00C04F79EFBC}") = "0_PC13_0", "0_PC13_0.csproj", "{956AE913-AD33-46E1-B36C-17A3516031D0}"
EndProject
Global
	GlobalSection(SolutionConfigurationPlatforms) = preSolution
		Debug|Any CPU = Debug|Any CPU
		Release|Any CPU = Release|Any CPU
	EndGlobalSection
	GlobalSection(ProjectConfigurationPlatforms) = postSolution
		{956AE913-AD33-46E1-B36C-17A3516031D0}.Debug|Any CPU.ActiveCfg = Debug|Any CPU
		{956AE913-AD33-46E1-B36C-17A3516031D0}.Debug|Any CPU.Build.0 = Debug|Any CPU
		{956AE913-AD33-46E1-B36C-17A3516031D0}.Release|Any CPU.ActiveCfg = Release|Any CPU
		{956AE913-AD33-46E1-B36C-17A3516031D0}.Release|Any CPU.Build.0 = Release|Any CPU
	EndGlobalSection
	GlobalSection(SolutionProperties) = preSolution
		HideSolutionNode = FALSE
	EndGlobalSection
	GlobalSection(ExtensibilityGlobals) = postSolution
		SolutionGuid = {448DE08D-1FC3-43ED-8233-892F3427686D}
	EndGlobalSection
EndGlobal
