
Microsoft Visual Studio Solution File, Format Version 12.00
# Visual Studio Version 17
VisualStudioVersion = 17.14.36025.13
MinimumVisualStudioVersion = 10.0.40219.1
Project("{FAE04EC0-301F-11D3-BF4B-00C04F79EFBC}") = "Tp5 - etapa 0", "Tp5 - etapa 0.csproj", "{61F9A093-2018-45E8-BC7C-89DEC4EFDE05}"
EndProject
Global
	GlobalSection(SolutionConfigurationPlatforms) = preSolution
		Debug|Any CPU = Debug|Any CPU
		Release|Any CPU = Release|Any CPU
	EndGlobalSection
	GlobalSection(ProjectConfigurationPlatforms) = postSolution
		{61F9A093-2018-45E8-BC7C-89DEC4EFDE05}.Debug|Any CPU.ActiveCfg = Debug|Any CPU
		{61F9A093-2018-45E8-BC7C-89DEC4EFDE05}.Debug|Any CPU.Build.0 = Debug|Any CPU
		{61F9A093-2018-45E8-BC7C-89DEC4EFDE05}.Release|Any CPU.ActiveCfg = Release|Any CPU
		{61F9A093-2018-45E8-BC7C-89DEC4EFDE05}.Release|Any CPU.Build.0 = Release|Any CPU
	EndGlobalSection
	GlobalSection(SolutionProperties) = preSolution
		HideSolutionNode = FALSE
	EndGlobalSection
	GlobalSection(ExtensibilityGlobals) = postSolution
		SolutionGuid = {0A941301-1F0F-41B8-8C92-A34FFC14CAD9}
	EndGlobalSection
EndGlobal
